# This file was autogenerated by Stack.
# You should not edit this file by hand.
# For more information, please see the documentation at:
#   https://docs.haskellstack.org/en/stable/lock_files

packages:
- completed:
    hackage: random-extras-0.19@sha256:52579ee8653b17d8b19fb54833ecbab8df47b6cf61a77c9614df0c3155441d29,1137
    pantry-tree:
      size: 552
      sha256: 61daee57c0c3e55cb1056176c917bedb3b42315c023398c3f83c9bd75b5e891e
  original:
    hackage: random-extras-0.19@sha256:52579ee8653b17d8b19fb54833ecbab8df47b6cf61a77c9614df0c3155441d29,1137
- completed:
    hackage: random-fu-0.2.7.3@sha256:931b5c35d5180aecbfe33b381fdf29a31b73e46908ffc27360bbe96f12fa1ee8,4527
    pantry-tree:
      size: 2454
      sha256: bb3bfc58b51e811f7ccc4c17a87f0ec90e5df13e08cfe3962c729f4566afaef7
  original:
    hackage: random-fu-0.2.7.3@sha256:931b5c35d5180aecbfe33b381fdf29a31b73e46908ffc27360bbe96f12fa1ee8,4527
- completed:
    hackage: random-source-0.3.0.6@sha256:394ad3b426c3da9a0d327a09ca944304a28d135906f0289f29c39ae369591844,3844
    pantry-tree:
      size: 914
      sha256: 0f16506de5c324f7dce95cd97714c4d24ce5acc2348b291efa90bcb8fc8646a8
  original:
    hackage: random-source-0.3.0.6@sha256:394ad3b426c3da9a0d327a09ca944304a28d135906f0289f29c39ae369591844,3844
- completed:
    hackage: flexible-defaults-0.0.3@sha256:6a7ab000561e1075003cb1053dfbbb4020ae2b02916776d1479c9c3fc82f5d0d,2508
    pantry-tree:
      size: 497
      sha256: 53d8b98b9e899d63f7e464670e908f6eb22d8a5ba0b6ea48182fb810b426f0f8
  original:
    hackage: flexible-defaults-0.0.3@sha256:6a7ab000561e1075003cb1053dfbbb4020ae2b02916776d1479c9c3fc82f5d0d,2508
- completed:
    hackage: rvar-0.2.0.3@sha256:c6f665019340d216cbc0c053c1f1bb5d9e6ac3363cab5a25f3880e06a9e4dcc5,2433
    pantry-tree:
      size: 159
      sha256: d111e5c41ab0be730aea18fce13aa9f47b3f5774c0c509821454aca11f64f4ab
  original:
    hackage: rvar-0.2.0.3@sha256:c6f665019340d216cbc0c053c1f1bb5d9e6ac3363cab5a25f3880e06a9e4dcc5,2433
snapshots:
- completed:
    size: 491373
    url: https://raw.githubusercontent.com/commercialhaskell/stackage-snapshots/master/lts/15/3.yaml
    sha256: 29e9ff61b8bf4b4fcff55cde3ac106ebb971f0d21331dccac9eee63374fa6ca8
  original: lts-15.3
